
Microsoft Visual Studio Solution File, Format Version 12.00
# Visual Studio Version 16
VisualStudioVersion = 16.0.33027.164
MinimumVisualStudioVersion = 10.0.40219.1
Project("{FAE04EC0-301F-11D3-BF4B-00C04F79EFBC}") = "adw", "adw\adw.csproj", "{A989BBE6-321E-4242-A7C2-2348B9A50102}"
EndProject
Global
	GlobalSection(SolutionConfigurationPlatforms) = preSolution
		Debug|Any CPU = Debug|Any CPU
		Release|Any CPU = Release|Any CPU
	EndGlobalSection
	GlobalSection(ProjectConfigurationPlatforms) = postSolution
		{A989BBE6-321E-4242-A7C2-2348B9A50102}.Debug|Any CPU.ActiveCfg = Debug|Any CPU
		{A989BBE6-321E-4242-A7C2-2348B9A50102}.Debug|Any CPU.Build.0 = Debug|Any CPU
		{A989BBE6-321E-4242-A7C2-2348B9A50102}.Release|Any CPU.ActiveCfg = Release|Any CPU
		{A989BBE6-321E-4242-A7C2-2348B9A50102}.Release|Any CPU.Build.0 = Release|Any CPU
	EndGlobalSection
	GlobalSection(SolutionProperties) = preSolution
		HideSolutionNode = FALSE
	EndGlobalSection
	GlobalSection(ExtensibilityGlobals) = postSolution
		SolutionGuid = {52109F96-7721-4845-B17E-ECCF08946F77}
	EndGlobalSection
EndGlobal
